
Microsoft Visual Studio Solution File, Format Version 12.00
# Visual Studio 15
VisualStudioVersion = 15.0.27130.2010
MinimumVisualStudioVersion = 10.0.40219.1
Project("{FAE04EC0-301F-11D3-BF4B-00C04F79EFBC}") = "Alliance System Server", "Alliance System Server\Alliance System Server.csproj", "{32B1E5A1-4916-4DBB-868B-5DACB0EAFE3B}"
EndProject
Global
	GlobalSection(SolutionConfigurationPlatforms) = preSolution
		Debug|Any CPU = Debug|Any CPU
		Release|Any CPU = Release|Any CPU
	EndGlobalSection
	GlobalSection(ProjectConfigurationPlatforms) = postSolution
		{32B1E5A1-4916-4DBB-868B-5DACB0EAFE3B}.Debug|Any CPU.ActiveCfg = Debug|Any CPU
		{32B1E5A1-4916-4DBB-868B-5DACB0EAFE3B}.Debug|Any CPU.Build.0 = Debug|Any CPU
		{32B1E5A1-4916-4DBB-868B-5DACB0EAFE3B}.Release|Any CPU.ActiveCfg = Release|Any CPU
		{32B1E5A1-4916-4DBB-868B-5DACB0EAFE3B}.Release|Any CPU.Build.0 = Release|Any CPU
	EndGlobalSection
	GlobalSection(SolutionProperties) = preSolution
		HideSolutionNode = FALSE
	EndGlobalSection
	GlobalSection(ExtensibilityGlobals) = postSolution
		SolutionGuid = {1222CEB9-8586-424C-9B5D-B3A9E94C3DFD}
	EndGlobalSection
EndGlobal
